
Microsoft Visual Studio Solution File, Format Version 12.00
# Visual Studio Version 17
VisualStudioVersion = 17.5.002.0
MinimumVisualStudioVersion = 10.0.40219.1
Project("{2150E333-8FDC-42A3-9474-1A3956D46DE8}") = "week01", "week01", "{3597C7C5-E27C-4104-83C9-CB7CB68641C8}"
EndProject
Project("{9A19103F-16F7-4668-BE54-9A1E7A4F7556}") = "code", "week01\code\code.csproj", "{681CA4A2-1CE7-49BF-BDEF-77FB753F9E9D}"
EndProject
Project("{9A19103F-16F7-4668-BE54-9A1E7A4F7556}") = "analyze", "week01\analyze\analyze.csproj", "{0A527841-F6DE-4FF1-BEDE-C989F2C90047}"
EndProject
Project("{9A19103F-16F7-4668-BE54-9A1E7A4F7556}") = "teach", "week01\teach\teach.csproj", "{6F0D5C14-64C0-47F3-83E4-F26C08C196C9}"
EndProject
Project("{2150E333-8FDC-42A3-9474-1A3956D46DE8}") = "week06", "week06", "{5A9F6248-46BA-4EB3-B51E-3EF1D69CE8E8}"
EndProject
Project("{9A19103F-16F7-4668-BE54-9A1E7A4F7556}") = "code", "week06\code\code.csproj", "{1404E55B-93FA-431E-A2EE-108DA0B52BB3}"
EndProject
Project("{2150E333-8FDC-42A3-9474-1A3956D46DE8}") = "sandbox", "sandbox", "{328AEF22-C7C7-409F-830C-81943BA43C5F}"
EndProject
Project("{9A19103F-16F7-4668-BE54-9A1E7A4F7556}") = "sandbox_project", "sandbox\sandbox_project\sandbox_project.csproj", "{0C4EFC58-641E-4723-BB5E-C6921D17D9C5}"
EndProject
Project("{2150E333-8FDC-42A3-9474-1A3956D46DE8}") = "week05", "week05", "{548BD160-901E-492F-ABB9-56127AF002DA}"
EndProject
Project("{9A19103F-16F7-4668-BE54-9A1E7A4F7556}") = "code", "week05\code\code.csproj", "{A4BF38B7-3E5C-4965-8A14-F9A984626DC9}"
EndProject
Project("{2150E333-8FDC-42A3-9474-1A3956D46DE8}") = "week02", "week02", "{12A65FFC-F0A7-4963-A626-4AF1FC3C0D55}"
EndProject
Project("{9A19103F-16F7-4668-BE54-9A1E7A4F7556}") = "learn", "week02\learn\learn.csproj", "{58EF147E-EAC3-4562-BCB9-BF300586A613}"
EndProject
Project("{9A19103F-16F7-4668-BE54-9A1E7A4F7556}") = "code", "week02\code\code.csproj", "{AAA9B63D-B1A6-4162-AFF7-E8CA4657A384}"
EndProject
Project("{9A19103F-16F7-4668-BE54-9A1E7A4F7556}") = "analyze", "week02\analyze\analyze.csproj", "{261BC904-AD12-46C9-85FF-2B3FC52E6C67}"
EndProject
Project("{9A19103F-16F7-4668-BE54-9A1E7A4F7556}") = "teach", "week02\teach\teach.csproj", "{39B2152C-6EC9-4885-B81B-F59B319B911C}"
EndProject
Project("{2150E333-8FDC-42A3-9474-1A3956D46DE8}") = "week03", "week03", "{B8062E31-F546-423C-8D56-09CE019F4289}"
EndProject
Project("{9A19103F-16F7-4668-BE54-9A1E7A4F7556}") = "learn", "week03\learn\learn.csproj", "{7FC2084E-5C77-48CD-A8C3-92803B919640}"
EndProject
Project("{9A19103F-16F7-4668-BE54-9A1E7A4F7556}") = "code", "week03\code\code.csproj", "{B5CE0525-2666-4362-932D-60345FD74572}"
EndProject
Project("{9A19103F-16F7-4668-BE54-9A1E7A4F7556}") = "teach", "week03\teach\teach.csproj", "{CE396272-E677-4AA9-AF2E-C238C9719B08}"
EndProject
Project("{2150E333-8FDC-42A3-9474-1A3956D46DE8}") = "week04", "week04", "{F8101EFA-F470-408E-959A-671672E33AA9}"
EndProject
Project("{9A19103F-16F7-4668-BE54-9A1E7A4F7556}") = "code", "week04\code\code.csproj", "{A20391AB-BB9E-4776-A8FD-1D031ED787A4}"
EndProject
Global
	GlobalSection(SolutionConfigurationPlatforms) = preSolution
		Debug|Any CPU = Debug|Any CPU
		Release|Any CPU = Release|Any CPU
	EndGlobalSection
	GlobalSection(ProjectConfigurationPlatforms) = postSolution
		{681CA4A2-1CE7-49BF-BDEF-77FB753F9E9D}.Debug|Any CPU.ActiveCfg = Debug|Any CPU
		{681CA4A2-1CE7-49BF-BDEF-77FB753F9E9D}.Debug|Any CPU.Build.0 = Debug|Any CPU
		{681CA4A2-1CE7-49BF-BDEF-77FB753F9E9D}.Release|Any CPU.ActiveCfg = Release|Any CPU
		{681CA4A2-1CE7-49BF-BDEF-77FB753F9E9D}.Release|Any CPU.Build.0 = Release|Any CPU
		{0A527841-F6DE-4FF1-BEDE-C989F2C90047}.Debug|Any CPU.ActiveCfg = Debug|Any CPU
		{0A527841-F6DE-4FF1-BEDE-C989F2C90047}.Debug|Any CPU.Build.0 = Debug|Any CPU
		{0A527841-F6DE-4FF1-BEDE-C989F2C90047}.Release|Any CPU.ActiveCfg = Release|Any CPU
		{0A527841-F6DE-4FF1-BEDE-C989F2C90047}.Release|Any CPU.Build.0 = Release|Any CPU
		{6F0D5C14-64C0-47F3-83E4-F26C08C196C9}.Debug|Any CPU.ActiveCfg = Debug|Any CPU
		{6F0D5C14-64C0-47F3-83E4-F26C08C196C9}.Debug|Any CPU.Build.0 = Debug|Any CPU
		{6F0D5C14-64C0-47F3-83E4-F26C08C196C9}.Release|Any CPU.ActiveCfg = Release|Any CPU
		{6F0D5C14-64C0-47F3-83E4-F26C08C196C9}.Release|Any CPU.Build.0 = Release|Any CPU
		{1404E55B-93FA-431E-A2EE-108DA0B52BB3}.Debug|Any CPU.ActiveCfg = Debug|Any CPU
		{1404E55B-93FA-431E-A2EE-108DA0B52BB3}.Debug|Any CPU.Build.0 = Debug|Any CPU
		{1404E55B-93FA-431E-A2EE-108DA0B52BB3}.Release|Any CPU.ActiveCfg = Release|Any CPU
		{1404E55B-93FA-431E-A2EE-108DA0B52BB3}.Release|Any CPU.Build.0 = Release|Any CPU
		{0C4EFC58-641E-4723-BB5E-C6921D17D9C5}.Debug|Any CPU.ActiveCfg = Debug|Any CPU
		{0C4EFC58-641E-4723-BB5E-C6921D17D9C5}.Debug|Any CPU.Build.0 = Debug|Any CPU
		{0C4EFC58-641E-4723-BB5E-C6921D17D9C5}.Release|Any CPU.ActiveCfg = Release|Any CPU
		{0C4EFC58-641E-4723-BB5E-C6921D17D9C5}.Release|Any CPU.Build.0 = Release|Any CPU
		{A4BF38B7-3E5C-4965-8A14-F9A984626DC9}.Debug|Any CPU.ActiveCfg = Debug|Any CPU
		{A4BF38B7-3E5C-4965-8A14-F9A984626DC9}.Debug|Any CPU.Build.0 = Debug|Any CPU
		{A4BF38B7-3E5C-4965-8A14-F9A984626DC9}.Release|Any CPU.ActiveCfg = Release|Any CPU
		{A4BF38B7-3E5C-4965-8A14-F9A984626DC9}.Release|Any CPU.Build.0 = Release|Any CPU
		{58EF147E-EAC3-4562-BCB9-BF300586A613}.Debug|Any CPU.ActiveCfg = Debug|Any CPU
		{58EF147E-EAC3-4562-BCB9-BF300586A613}.Debug|Any CPU.Build.0 = Debug|Any CPU
		{58EF147E-EAC3-4562-BCB9-BF300586A613}.Release|Any CPU.ActiveCfg = Release|Any CPU
		{58EF147E-EAC3-4562-BCB9-BF300586A613}.Release|Any CPU.Build.0 = Release|Any CPU
		{AAA9B63D-B1A6-4162-AFF7-E8CA4657A384}.Debug|Any CPU.ActiveCfg = Debug|Any CPU
		{AAA9B63D-B1A6-4162-AFF7-E8CA4657A384}.Debug|Any CPU.Build.0 = Debug|Any CPU
		{AAA9B63D-B1A6-4162-AFF7-E8CA4657A384}.Release|Any CPU.ActiveCfg = Release|Any CPU
		{AAA9B63D-B1A6-4162-AFF7-E8CA4657A384}.Release|Any CPU.Build.0 = Release|Any CPU
		{261BC904-AD12-46C9-85FF-2B3FC52E6C67}.Debug|Any CPU.ActiveCfg = Debug|Any CPU
		{261BC904-AD12-46C9-85FF-2B3FC52E6C67}.Debug|Any CPU.Build.0 = Debug|Any CPU
		{261BC904-AD12-46C9-85FF-2B3FC52E6C67}.Release|Any CPU.ActiveCfg = Release|Any CPU
		{261BC904-AD12-46C9-85FF-2B3FC52E6C67}.Release|Any CPU.Build.0 = Release|Any CPU
		{39B2152C-6EC9-4885-B81B-F59B319B911C}.Debug|Any CPU.ActiveCfg = Debug|Any CPU
		{39B2152C-6EC9-4885-B81B-F59B319B911C}.Debug|Any CPU.Build.0 = Debug|Any CPU
		{39B2152C-6EC9-4885-B81B-F59B319B911C}.Release|Any CPU.ActiveCfg = Release|Any CPU
		{39B2152C-6EC9-4885-B81B-F59B319B911C}.Release|Any CPU.Build.0 = Release|Any CPU
		{7FC2084E-5C77-48CD-A8C3-92803B919640}.Debug|Any CPU.ActiveCfg = Debug|Any CPU
		{7FC2084E-5C77-48CD-A8C3-92803B919640}.Debug|Any CPU.Build.0 = Debug|Any CPU
		{7FC2084E-5C77-48CD-A8C3-92803B919640}.Release|Any CPU.ActiveCfg = Release|Any CPU
		{7FC2084E-5C77-48CD-A8C3-92803B919640}.Release|Any CPU.Build.0 = Release|Any CPU
		{B5CE0525-2666-4362-932D-60345FD74572}.Debug|Any CPU.ActiveCfg = Debug|Any CPU
		{B5CE0525-2666-4362-932D-60345FD74572}.Debug|Any CPU.Build.0 = Debug|Any CPU
		{B5CE0525-2666-4362-932D-60345FD74572}.Release|Any CPU.ActiveCfg = Release|Any CPU
		{B5CE0525-2666-4362-932D-60345FD74572}.Release|Any CPU.Build.0 = Release|Any CPU
		{CE396272-E677-4AA9-AF2E-C238C9719B08}.Debug|Any CPU.ActiveCfg = Debug|Any CPU
		{CE396272-E677-4AA9-AF2E-C238C9719B08}.Debug|Any CPU.Build.0 = Debug|Any CPU
		{CE396272-E677-4AA9-AF2E-C238C9719B08}.Release|Any CPU.ActiveCfg = Release|Any CPU
		{CE396272-E677-4AA9-AF2E-C238C9719B08}.Release|Any CPU.Build.0 = Release|Any CPU
		{A20391AB-BB9E-4776-A8FD-1D031ED787A4}.Debug|Any CPU.ActiveCfg = Debug|Any CPU
		{A20391AB-BB9E-4776-A8FD-1D031ED787A4}.Debug|Any CPU.Build.0 = Debug|Any CPU
		{A20391AB-BB9E-4776-A8FD-1D031ED787A4}.Release|Any CPU.ActiveCfg = Release|Any CPU
		{A20391AB-BB9E-4776-A8FD-1D031ED787A4}.Release|Any CPU.Build.0 = Release|Any CPU
	EndGlobalSection
	GlobalSection(SolutionProperties) = preSolution
		HideSolutionNode = FALSE
	EndGlobalSection
	GlobalSection(NestedProjects) = preSolution
		{681CA4A2-1CE7-49BF-BDEF-77FB753F9E9D} = {3597C7C5-E27C-4104-83C9-CB7CB68641C8}
		{0A527841-F6DE-4FF1-BEDE-C989F2C90047} = {3597C7C5-E27C-4104-83C9-CB7CB68641C8}
		{6F0D5C14-64C0-47F3-83E4-F26C08C196C9} = {3597C7C5-E27C-4104-83C9-CB7CB68641C8}
		{1404E55B-93FA-431E-A2EE-108DA0B52BB3} = {5A9F6248-46BA-4EB3-B51E-3EF1D69CE8E8}
		{0C4EFC58-641E-4723-BB5E-C6921D17D9C5} = {328AEF22-C7C7-409F-830C-81943BA43C5F}
		{A4BF38B7-3E5C-4965-8A14-F9A984626DC9} = {548BD160-901E-492F-ABB9-56127AF002DA}
		{58EF147E-EAC3-4562-BCB9-BF300586A613} = {12A65FFC-F0A7-4963-A626-4AF1FC3C0D55}
		{AAA9B63D-B1A6-4162-AFF7-E8CA4657A384} = {12A65FFC-F0A7-4963-A626-4AF1FC3C0D55}
		{261BC904-AD12-46C9-85FF-2B3FC52E6C67} = {12A65FFC-F0A7-4963-A626-4AF1FC3C0D55}
		{39B2152C-6EC9-4885-B81B-F59B319B911C} = {12A65FFC-F0A7-4963-A626-4AF1FC3C0D55}
		{7FC2084E-5C77-48CD-A8C3-92803B919640} = {B8062E31-F546-423C-8D56-09CE019F4289}
		{B5CE0525-2666-4362-932D-60345FD74572} = {B8062E31-F546-423C-8D56-09CE019F4289}
		{CE396272-E677-4AA9-AF2E-C238C9719B08} = {B8062E31-F546-423C-8D56-09CE019F4289}
		{A20391AB-BB9E-4776-A8FD-1D031ED787A4} = {F8101EFA-F470-408E-959A-671672E33AA9}
	EndGlobalSection
	GlobalSection(ExtensibilityGlobals) = postSolution
		SolutionGuid = {5AA7B6F9-4FF8-477B-A8DD-953EB3DD663E}
	EndGlobalSection
EndGlobal
